
Microsoft Visual Studio Solution File, Format Version 12.00
# Visual Studio Version 16
VisualStudioVersion = 16.0.31410.357
MinimumVisualStudioVersion = 10.0.40219.1
Project("{FAE04EC0-301F-11D3-BF4B-00C04F79EFBC}") = "NET_M_A007_Ex1", "NET_M_A007\NET_M_A007_Ex1.csproj", "{4EFDD1D7-1727-4639-9484-CA6EE9A5A588}"
EndProject
Project("{FAE04EC0-301F-11D3-BF4B-00C04F79EFBC}") = "NET_M_A007_Ex2", "NET_M_A007_Ex2\NET_M_A007_Ex2.csproj", "{73180268-F9ED-424D-8F8C-99C2C50488D3}"
EndProject
Project("{FAE04EC0-301F-11D3-BF4B-00C04F79EFBC}") = "NET_M_A007_Ex3", "NET_M_A007_Ex3\NET_M_A007_Ex3.csproj", "{FD073881-11C1-4D8E-93C5-954517C8EBFB}"
EndProject
Global
	GlobalSection(SolutionConfigurationPlatforms) = preSolution
		Debug|Any CPU = Debug|Any CPU
		Release|Any CPU = Release|Any CPU
	EndGlobalSection
	GlobalSection(ProjectConfigurationPlatforms) = postSolution
		{4EFDD1D7-1727-4639-9484-CA6EE9A5A588}.Debug|Any CPU.ActiveCfg = Debug|Any CPU
		{4EFDD1D7-1727-4639-9484-CA6EE9A5A588}.Debug|Any CPU.Build.0 = Debug|Any CPU
		{4EFDD1D7-1727-4639-9484-CA6EE9A5A588}.Release|Any CPU.ActiveCfg = Release|Any CPU
		{4EFDD1D7-1727-4639-9484-CA6EE9A5A588}.Release|Any CPU.Build.0 = Release|Any CPU
		{73180268-F9ED-424D-8F8C-99C2C50488D3}.Debug|Any CPU.ActiveCfg = Debug|Any CPU
		{73180268-F9ED-424D-8F8C-99C2C50488D3}.Debug|Any CPU.Build.0 = Debug|Any CPU
		{73180268-F9ED-424D-8F8C-99C2C50488D3}.Release|Any CPU.ActiveCfg = Release|Any CPU
		{73180268-F9ED-424D-8F8C-99C2C50488D3}.Release|Any CPU.Build.0 = Release|Any CPU
		{FD073881-11C1-4D8E-93C5-954517C8EBFB}.Debug|Any CPU.ActiveCfg = Debug|Any CPU
		{FD073881-11C1-4D8E-93C5-954517C8EBFB}.Debug|Any CPU.Build.0 = Debug|Any CPU
		{FD073881-11C1-4D8E-93C5-954517C8EBFB}.Release|Any CPU.ActiveCfg = Release|Any CPU
		{FD073881-11C1-4D8E-93C5-954517C8EBFB}.Release|Any CPU.Build.0 = Release|Any CPU
	EndGlobalSection
	GlobalSection(SolutionProperties) = preSolution
		HideSolutionNode = FALSE
	EndGlobalSection
	GlobalSection(ExtensibilityGlobals) = postSolution
		SolutionGuid = {DE47B15B-6EDA-43DD-AA8E-B640EF41529C}
	EndGlobalSection
EndGlobal
